
Microsoft Visual Studio Solution File, Format Version 12.00
# Visual Studio Version 17
VisualStudioVersion = 17.6.33723.286
MinimumVisualStudioVersion = 10.0.40219.1
Project("{FAE04EC0-301F-11D3-BF4B-00C04F79EFBC}") = "AsyncInn", "AsyncInn\AsyncInn.csproj", "{B61AB6A6-1442-49D1-8D2C-422C339428DE}"
EndProject
Global
	GlobalSection(SolutionConfigurationPlatforms) = preSolution
		Debug|Any CPU = Debug|Any CPU
		Release|Any CPU = Release|Any CPU
	EndGlobalSection
	GlobalSection(ProjectConfigurationPlatforms) = postSolution
		{B61AB6A6-1442-49D1-8D2C-422C339428DE}.Debug|Any CPU.ActiveCfg = Debug|Any CPU
		{B61AB6A6-1442-49D1-8D2C-422C339428DE}.Debug|Any CPU.Build.0 = Debug|Any CPU
		{B61AB6A6-1442-49D1-8D2C-422C339428DE}.Release|Any CPU.ActiveCfg = Release|Any CPU
		{B61AB6A6-1442-49D1-8D2C-422C339428DE}.Release|Any CPU.Build.0 = Release|Any CPU
	EndGlobalSection
	GlobalSection(SolutionProperties) = preSolution
		HideSolutionNode = FALSE
	EndGlobalSection
	GlobalSection(ExtensibilityGlobals) = postSolution
		SolutionGuid = {8BADE9D4-45F9-4473-9C2B-DBB65CC727DE}
	EndGlobalSection
EndGlobal
